<?xml version="1.0" encoding="utf-8"?>
<Project ToolsVersion="4.0" xmlns="http://schemas.microsoft.com/developer/msbuild/2003">
  <ItemGroup>
    <Filter Include="Main">
      <UniqueIdentifier>{6d3686b2-b917-4553-9469-31c8d54d6dc6}</UniqueIdentifier>
    </Filter>
    <Filter Include="BinaryTree">
      <UniqueIdentifier>{240b1b61-4662-4312-b401-3306310ee26a}</UniqueIdentifier>
    </Filter>
  </ItemGroup>
  <ItemGroup>
    <ClCompile Include="Main.cpp">
      <Filter>Main</Filter>
    </ClCompile>
  </ItemGroup>
  <ItemGroup>
    <ClInclude Include="BinaryTree.h">
      <Filter>BinaryTree</Filter>
    </ClInclude>
    <ClInclude Include="Node.h">
      <Filter>BinaryTree</Filter>
    </ClInclude>
  </ItemGroup>
</Project>